// !$*UTF8*$!
{
	archiveVersion = 1;
	classes = {
	};
	objectVersion = 51;
	objects = {

/* Begin PBXBuildFile section */
		7C39AAEE7D3C141D31399942 /* Pods_photo_viewerUITests.framework in Frameworks */ = {isa = PBXBuildFile; fileRef = C966DBF88901D4913E2429B4 /* Pods_photo_viewerUITests.framework */; };
		A33736E96EE22DF0869834A8 /* Pods_photo_viewerTests.framework in Frameworks */ = {isa = PBXBuildFile; fileRef = 6BD127D81ED74703C8E4E30C /* Pods_photo_viewerTests.framework */; };
		B51A37562332D23200AC58F1 /* CellViewModel.swift in Sources */ = {isa = PBXBuildFile; fileRef = B51A37552332D23200AC58F1 /* CellViewModel.swift */; };
		B51A37582332D44F00AC58F1 /* PhotoCellViewModel.swift in Sources */ = {isa = PBXBuildFile; fileRef = B51A37572332D44F00AC58F1 /* PhotoCellViewModel.swift */; };
		B55627A82332EF150095A5DC /* URL+.swift in Sources */ = {isa = PBXBuildFile; fileRef = B55627A72332EF150095A5DC /* URL+.swift */; };
		B55627AB2333675F0095A5DC /* Photo.swift in Sources */ = {isa = PBXBuildFile; fileRef = B55627AA2333675F0095A5DC /* Photo.swift */; };
		B55627AD2333677A0095A5DC /* PhotoURLType.swift in Sources */ = {isa = PBXBuildFile; fileRef = B55627AC2333677A0095A5DC /* PhotoURLType.swift */; };
		B55627AF23336BD40095A5DC /* User.swift in Sources */ = {isa = PBXBuildFile; fileRef = B55627AE23336BD40095A5DC /* User.swift */; };
		B55627B4233370420095A5DC /* PhotoDetailViewController.swift in Sources */ = {isa = PBXBuildFile; fileRef = B55627B3233370420095A5DC /* PhotoDetailViewController.swift */; };
		B55627B623340C550095A5DC /* PhotoDetailPresenter.swift in Sources */ = {isa = PBXBuildFile; fileRef = B55627B523340C550095A5DC /* PhotoDetailPresenter.swift */; };
		B55627B82334B0320095A5DC /* FeedRouter.swift in Sources */ = {isa = PBXBuildFile; fileRef = B55627B72334B0320095A5DC /* FeedRouter.swift */; };
		B56030B723376B0A0098121D /* PhotoDetailViewController.xib in Resources */ = {isa = PBXBuildFile; fileRef = B56030B623376B0A0098121D /* PhotoDetailViewController.xib */; };
		B56030BB233778C20098121D /* FeedViewController.xib in Resources */ = {isa = PBXBuildFile; fileRef = B56030BA233778C20098121D /* FeedViewController.xib */; };
		B5715C5F2330229A0075086A /* AppDelegate.swift in Sources */ = {isa = PBXBuildFile; fileRef = B5715C5E2330229A0075086A /* AppDelegate.swift */; };
		B5715C612330229A0075086A /* SceneDelegate.swift in Sources */ = {isa = PBXBuildFile; fileRef = B5715C602330229A0075086A /* SceneDelegate.swift */; };
		B5715C682330229C0075086A /* Assets.xcassets in Resources */ = {isa = PBXBuildFile; fileRef = B5715C672330229C0075086A /* Assets.xcassets */; };
		B5715C6B2330229C0075086A /* LaunchScreen.storyboard in Resources */ = {isa = PBXBuildFile; fileRef = B5715C692330229C0075086A /* LaunchScreen.storyboard */; };
		B5715C762330229C0075086A /* photo_viewerTests.swift in Sources */ = {isa = PBXBuildFile; fileRef = B5715C752330229C0075086A /* photo_viewerTests.swift */; };
		B5715C812330229C0075086A /* photo_viewerUITests.swift in Sources */ = {isa = PBXBuildFile; fileRef = B5715C802330229C0075086A /* photo_viewerUITests.swift */; };
		B5715C8F23302C400075086A /* FeedViewController.swift in Sources */ = {isa = PBXBuildFile; fileRef = B5715C8E23302C400075086A /* FeedViewController.swift */; };
		B5715C962330C6A80075086A /* FeedAdapter.swift in Sources */ = {isa = PBXBuildFile; fileRef = B5715C952330C6A80075086A /* FeedAdapter.swift */; };
		B5715C982330D9B50075086A /* PhotoSectionController.swift in Sources */ = {isa = PBXBuildFile; fileRef = B5715C972330D9B50075086A /* PhotoSectionController.swift */; };
		B5715C9A2330DEB20075086A /* PhotoCell.swift in Sources */ = {isa = PBXBuildFile; fileRef = B5715C992330DEB20075086A /* PhotoCell.swift */; };
		B5715C9C2330DEE60075086A /* PhotoCell.xib in Resources */ = {isa = PBXBuildFile; fileRef = B5715C9B2330DEE60075086A /* PhotoCell.xib */; };
		B5715C9F233217550075086A /* WebServices.swift in Sources */ = {isa = PBXBuildFile; fileRef = B5715C9E233217550075086A /* WebServices.swift */; };
		B5715CA423322CBF0075086A /* Response.swift in Sources */ = {isa = PBXBuildFile; fileRef = B5715CA323322CBF0075086A /* Response.swift */; };
		B5715CA623322EA10075086A /* Endpoint.swift in Sources */ = {isa = PBXBuildFile; fileRef = B5715CA523322EA10075086A /* Endpoint.swift */; };
		B5715CA8233249620075086A /* FeedPresenter.swift in Sources */ = {isa = PBXBuildFile; fileRef = B5715CA7233249620075086A /* FeedPresenter.swift */; };
		B5715CAA2332497A0075086A /* FeedInteractor.swift in Sources */ = {isa = PBXBuildFile; fileRef = B5715CA92332497A0075086A /* FeedInteractor.swift */; };
		B572EF8E2334BE1A00811594 /* PhotoDetailModuleBuilder.swift in Sources */ = {isa = PBXBuildFile; fileRef = B572EF8D2334BE1A00811594 /* PhotoDetailModuleBuilder.swift */; };
		B572EF902334C89300811594 /* ProfileImage.swift in Sources */ = {isa = PBXBuildFile; fileRef = B572EF8F2334C89300811594 /* ProfileImage.swift */; };
		B572EF922334CB2400811594 /* ProfileImageView.swift in Sources */ = {isa = PBXBuildFile; fileRef = B572EF912334CB2400811594 /* ProfileImageView.swift */; };
		B572EF9623360AC800811594 /* BaseViewController.swift in Sources */ = {isa = PBXBuildFile; fileRef = B572EF9523360AC800811594 /* BaseViewController.swift */; };
		B572EF9923361B7900811594 /* Font.swift in Sources */ = {isa = PBXBuildFile; fileRef = B572EF9823361B7900811594 /* Font.swift */; };
		B572EF9B23361FB400811594 /* UILabel+.swift in Sources */ = {isa = PBXBuildFile; fileRef = B572EF9A23361FB400811594 /* UILabel+.swift */; };
		B572EF9D23364E5C00811594 /* PhotoDetailInteractor.swift in Sources */ = {isa = PBXBuildFile; fileRef = B572EF9C23364E5C00811594 /* PhotoDetailInteractor.swift */; };
		B572EF9F2336546700811594 /* PhotoDetailRepository.swift in Sources */ = {isa = PBXBuildFile; fileRef = B572EF9E2336546700811594 /* PhotoDetailRepository.swift */; };
		B572EFA12336BC9900811594 /* PhotoDetailModule.swift in Sources */ = {isa = PBXBuildFile; fileRef = B572EFA02336BC9900811594 /* PhotoDetailModule.swift */; };
		B572EFA32336BD1700811594 /* FeedModuleBuilder.swift in Sources */ = {isa = PBXBuildFile; fileRef = B572EFA22336BD1700811594 /* FeedModuleBuilder.swift */; };
		B572EFA52336C04000811594 /* FeedRepository.swift in Sources */ = {isa = PBXBuildFile; fileRef = B572EFA42336C04000811594 /* FeedRepository.swift */; };
		B572EFA72336C1E500811594 /* FeedModule.swift in Sources */ = {isa = PBXBuildFile; fileRef = B572EFA62336C1E500811594 /* FeedModule.swift */; };
		F522FD6149E52883184F2F28 /* Pods_photo_viewer.framework in Frameworks */ = {isa = PBXBuildFile; fileRef = DB4D1A1AEBE32BEB3590F370 /* Pods_photo_viewer.framework */; };
/* End PBXBuildFile section */

/* Begin PBXContainerItemProxy section */
		B5715C722330229C0075086A /* PBXContainerItemProxy */ = {
			isa = PBXContainerItemProxy;
			containerPortal = B5715C532330229A0075086A /* Project object */;
			proxyType = 1;
			remoteGlobalIDString = B5715C5A2330229A0075086A;
			remoteInfo = "photo-viewer";
		};
		B5715C7D2330229C0075086A /* PBXContainerItemProxy */ = {
			isa = PBXContainerItemProxy;
			containerPortal = B5715C532330229A0075086A /* Project object */;
			proxyType = 1;
			remoteGlobalIDString = B5715C5A2330229A0075086A;
			remoteInfo = "photo-viewer";
		};
/* End PBXContainerItemProxy section */

/* Begin PBXFileReference section */
		29DD7C28AC7D9F01DBED44A2 /* Pods-photo-viewerTests.debug.xcconfig */ = {isa = PBXFileReference; includeInIndex = 1; lastKnownFileType = text.xcconfig; name = "Pods-photo-viewerTests.debug.xcconfig"; path = "Target Support Files/Pods-photo-viewerTests/Pods-photo-viewerTests.debug.xcconfig"; sourceTree = "<group>"; };
		5B002FB669DF951D06304356 /* Pods-photo-viewerUITests.debug.xcconfig */ = {isa = PBXFileReference; includeInIndex = 1; lastKnownFileType = text.xcconfig; name = "Pods-photo-viewerUITests.debug.xcconfig"; path = "Target Support Files/Pods-photo-viewerUITests/Pods-photo-viewerUITests.debug.xcconfig"; sourceTree = "<group>"; };
		6BD127D81ED74703C8E4E30C /* Pods_photo_viewerTests.framework */ = {isa = PBXFileReference; explicitFileType = wrapper.framework; includeInIndex = 0; path = Pods_photo_viewerTests.framework; sourceTree = BUILT_PRODUCTS_DIR; };
		6CC4F0496303ADEC88D2702A /* Pods-photo-viewer.debug.xcconfig */ = {isa = PBXFileReference; includeInIndex = 1; lastKnownFileType = text.xcconfig; name = "Pods-photo-viewer.debug.xcconfig"; path = "Target Support Files/Pods-photo-viewer/Pods-photo-viewer.debug.xcconfig"; sourceTree = "<group>"; };
		7A24296C83636A14A48D8080 /* Pods-photo-viewer.release.xcconfig */ = {isa = PBXFileReference; includeInIndex = 1; lastKnownFileType = text.xcconfig; name = "Pods-photo-viewer.release.xcconfig"; path = "Target Support Files/Pods-photo-viewer/Pods-photo-viewer.release.xcconfig"; sourceTree = "<group>"; };
		8C0627203E8D62F4E47E8D0F /* Pods-photo-viewerUITests.release.xcconfig */ = {isa = PBXFileReference; includeInIndex = 1; lastKnownFileType = text.xcconfig; name = "Pods-photo-viewerUITests.release.xcconfig"; path = "Target Support Files/Pods-photo-viewerUITests/Pods-photo-viewerUITests.release.xcconfig"; sourceTree = "<group>"; };
		A67D15585FEC038158F373F4 /* Pods-photo-viewerTests.release.xcconfig */ = {isa = PBXFileReference; includeInIndex = 1; lastKnownFileType = text.xcconfig; name = "Pods-photo-viewerTests.release.xcconfig"; path = "Target Support Files/Pods-photo-viewerTests/Pods-photo-viewerTests.release.xcconfig"; sourceTree = "<group>"; };
		B51A37552332D23200AC58F1 /* CellViewModel.swift */ = {isa = PBXFileReference; lastKnownFileType = sourcecode.swift; path = CellViewModel.swift; sourceTree = "<group>"; };
		B51A37572332D44F00AC58F1 /* PhotoCellViewModel.swift */ = {isa = PBXFileReference; lastKnownFileType = sourcecode.swift; path = PhotoCellViewModel.swift; sourceTree = "<group>"; };
		B55627A72332EF150095A5DC /* URL+.swift */ = {isa = PBXFileReference; lastKnownFileType = sourcecode.swift; path = "URL+.swift"; sourceTree = "<group>"; };
		B55627AA2333675F0095A5DC /* Photo.swift */ = {isa = PBXFileReference; lastKnownFileType = sourcecode.swift; path = Photo.swift; sourceTree = "<group>"; };
		B55627AC2333677A0095A5DC /* PhotoURLType.swift */ = {isa = PBXFileReference; lastKnownFileType = sourcecode.swift; path = PhotoURLType.swift; sourceTree = "<group>"; };
		B55627AE23336BD40095A5DC /* User.swift */ = {isa = PBXFileReference; lastKnownFileType = sourcecode.swift; path = User.swift; sourceTree = "<group>"; };
		B55627B3233370420095A5DC /* PhotoDetailViewController.swift */ = {isa = PBXFileReference; lastKnownFileType = sourcecode.swift; path = PhotoDetailViewController.swift; sourceTree = "<group>"; };
		B55627B523340C550095A5DC /* PhotoDetailPresenter.swift */ = {isa = PBXFileReference; lastKnownFileType = sourcecode.swift; path = PhotoDetailPresenter.swift; sourceTree = "<group>"; };
		B55627B72334B0320095A5DC /* FeedRouter.swift */ = {isa = PBXFileReference; lastKnownFileType = sourcecode.swift; path = FeedRouter.swift; sourceTree = "<group>"; };
		B56030B623376B0A0098121D /* PhotoDetailViewController.xib */ = {isa = PBXFileReference; lastKnownFileType = file.xib; path = PhotoDetailViewController.xib; sourceTree = "<group>"; };
		B56030BA233778C20098121D /* FeedViewController.xib */ = {isa = PBXFileReference; lastKnownFileType = file.xib; path = FeedViewController.xib; sourceTree = "<group>"; };
		B5715C5B2330229A0075086A /* photo-viewer.app */ = {isa = PBXFileReference; explicitFileType = wrapper.application; includeInIndex = 0; path = "photo-viewer.app"; sourceTree = BUILT_PRODUCTS_DIR; };
		B5715C5E2330229A0075086A /* AppDelegate.swift */ = {isa = PBXFileReference; lastKnownFileType = sourcecode.swift; path = AppDelegate.swift; sourceTree = "<group>"; };
		B5715C602330229A0075086A /* SceneDelegate.swift */ = {isa = PBXFileReference; lastKnownFileType = sourcecode.swift; path = SceneDelegate.swift; sourceTree = "<group>"; };
		B5715C672330229C0075086A /* Assets.xcassets */ = {isa = PBXFileReference; lastKnownFileType = folder.assetcatalog; path = Assets.xcassets; sourceTree = "<group>"; };
		B5715C6A2330229C0075086A /* Base */ = {isa = PBXFileReference; lastKnownFileType = file.storyboard; name = Base; path = Base.lproj/LaunchScreen.storyboard; sourceTree = "<group>"; };
		B5715C6C2330229C0075086A /* Info.plist */ = {isa = PBXFileReference; lastKnownFileType = text.plist.xml; path = Info.plist; sourceTree = "<group>"; };
		B5715C712330229C0075086A /* photo-viewerTests.xctest */ = {isa = PBXFileReference; explicitFileType = wrapper.cfbundle; includeInIndex = 0; path = "photo-viewerTests.xctest"; sourceTree = BUILT_PRODUCTS_DIR; };
		B5715C752330229C0075086A /* photo_viewerTests.swift */ = {isa = PBXFileReference; lastKnownFileType = sourcecode.swift; path = photo_viewerTests.swift; sourceTree = "<group>"; };
		B5715C772330229C0075086A /* Info.plist */ = {isa = PBXFileReference; lastKnownFileType = text.plist.xml; path = Info.plist; sourceTree = "<group>"; };
		B5715C7C2330229C0075086A /* photo-viewerUITests.xctest */ = {isa = PBXFileReference; explicitFileType = wrapper.cfbundle; includeInIndex = 0; path = "photo-viewerUITests.xctest"; sourceTree = BUILT_PRODUCTS_DIR; };
		B5715C802330229C0075086A /* photo_viewerUITests.swift */ = {isa = PBXFileReference; lastKnownFileType = sourcecode.swift; path = photo_viewerUITests.swift; sourceTree = "<group>"; };
		B5715C822330229C0075086A /* Info.plist */ = {isa = PBXFileReference; lastKnownFileType = text.plist.xml; path = Info.plist; sourceTree = "<group>"; };
		B5715C8E23302C400075086A /* FeedViewController.swift */ = {isa = PBXFileReference; lastKnownFileType = sourcecode.swift; path = FeedViewController.swift; sourceTree = "<group>"; };
		B5715C952330C6A80075086A /* FeedAdapter.swift */ = {isa = PBXFileReference; lastKnownFileType = sourcecode.swift; path = FeedAdapter.swift; sourceTree = "<group>"; };
		B5715C972330D9B50075086A /* PhotoSectionController.swift */ = {isa = PBXFileReference; lastKnownFileType = sourcecode.swift; path = PhotoSectionController.swift; sourceTree = "<group>"; };
		B5715C992330DEB20075086A /* PhotoCell.swift */ = {isa = PBXFileReference; lastKnownFileType = sourcecode.swift; path = PhotoCell.swift; sourceTree = "<group>"; };
		B5715C9B2330DEE60075086A /* PhotoCell.xib */ = {isa = PBXFileReference; lastKnownFileType = file.xib; path = PhotoCell.xib; sourceTree = "<group>"; };
		B5715C9E233217550075086A /* WebServices.swift */ = {isa = PBXFileReference; lastKnownFileType = sourcecode.swift; path = WebServices.swift; sourceTree = "<group>"; };
		B5715CA323322CBF0075086A /* Response.swift */ = {isa = PBXFileReference; lastKnownFileType = sourcecode.swift; path = Response.swift; sourceTree = "<group>"; };
		B5715CA523322EA10075086A /* Endpoint.swift */ = {isa = PBXFileReference; lastKnownFileType = sourcecode.swift; path = Endpoint.swift; sourceTree = "<group>"; };
		B5715CA7233249620075086A /* FeedPresenter.swift */ = {isa = PBXFileReference; lastKnownFileType = sourcecode.swift; path = FeedPresenter.swift; sourceTree = "<group>"; };
		B5715CA92332497A0075086A /* FeedInteractor.swift */ = {isa = PBXFileReference; lastKnownFileType = sourcecode.swift; path = FeedInteractor.swift; sourceTree = "<group>"; };
		B572EF8D2334BE1A00811594 /* PhotoDetailModuleBuilder.swift */ = {isa = PBXFileReference; lastKnownFileType = sourcecode.swift; path = PhotoDetailModuleBuilder.swift; sourceTree = "<group>"; };
		B572EF8F2334C89300811594 /* ProfileImage.swift */ = {isa = PBXFileReference; lastKnownFileType = sourcecode.swift; path = ProfileImage.swift; sourceTree = "<group>"; };
		B572EF912334CB2400811594 /* ProfileImageView.swift */ = {isa = PBXFileReference; lastKnownFileType = sourcecode.swift; path = ProfileImageView.swift; sourceTree = "<group>"; };
		B572EF9523360AC800811594 /* BaseViewController.swift */ = {isa = PBXFileReference; lastKnownFileType = sourcecode.swift; path = BaseViewController.swift; sourceTree = "<group>"; };
		B572EF9823361B7900811594 /* Font.swift */ = {isa = PBXFileReference; lastKnownFileType = sourcecode.swift; path = Font.swift; sourceTree = "<group>"; };
		B572EF9A23361FB400811594 /* UILabel+.swift */ = {isa = PBXFileReference; lastKnownFileType = sourcecode.swift; path = "UILabel+.swift"; sourceTree = "<group>"; };
		B572EF9C23364E5C00811594 /* PhotoDetailInteractor.swift */ = {isa = PBXFileReference; lastKnownFileType = sourcecode.swift; path = PhotoDetailInteractor.swift; sourceTree = "<group>"; };
		B572EF9E2336546700811594 /* PhotoDetailRepository.swift */ = {isa = PBXFileReference; lastKnownFileType = sourcecode.swift; path = PhotoDetailRepository.swift; sourceTree = "<group>"; };
		B572EFA02336BC9900811594 /* PhotoDetailModule.swift */ = {isa = PBXFileReference; lastKnownFileType = sourcecode.swift; path = PhotoDetailModule.swift; sourceTree = "<group>"; };
		B572EFA22336BD1700811594 /* FeedModuleBuilder.swift */ = {isa = PBXFileReference; lastKnownFileType = sourcecode.swift; path = FeedModuleBuilder.swift; sourceTree = "<group>"; };
		B572EFA42336C04000811594 /* FeedRepository.swift */ = {isa = PBXFileReference; lastKnownFileType = sourcecode.swift; path = FeedRepository.swift; sourceTree = "<group>"; };
		B572EFA62336C1E500811594 /* FeedModule.swift */ = {isa = PBXFileReference; lastKnownFileType = sourcecode.swift; path = FeedModule.swift; sourceTree = "<group>"; };
		C966DBF88901D4913E2429B4 /* Pods_photo_viewerUITests.framework */ = {isa = PBXFileReference; explicitFileType = wrapper.framework; includeInIndex = 0; path = Pods_photo_viewerUITests.framework; sourceTree = BUILT_PRODUCTS_DIR; };
		DB4D1A1AEBE32BEB3590F370 /* Pods_photo_viewer.framework */ = {isa = PBXFileReference; explicitFileType = wrapper.framework; includeInIndex = 0; path = Pods_photo_viewer.framework; sourceTree = BUILT_PRODUCTS_DIR; };
/* End PBXFileReference section */

/* Begin PBXFrameworksBuildPhase section */
		B5715C582330229A0075086A /* Frameworks */ = {
			isa = PBXFrameworksBuildPhase;
			buildActionMask = 2147483647;
			files = (
				F522FD6149E52883184F2F28 /* Pods_photo_viewer.framework in Frameworks */,
			);
			runOnlyForDeploymentPostprocessing = 0;
		};
		B5715C6E2330229C0075086A /* Frameworks */ = {
			isa = PBXFrameworksBuildPhase;
			buildActionMask = 2147483647;
			files = (
				A33736E96EE22DF0869834A8 /* Pods_photo_viewerTests.framework in Frameworks */,
			);
			runOnlyForDeploymentPostprocessing = 0;
		};
		B5715C792330229C0075086A /* Frameworks */ = {
			isa = PBXFrameworksBuildPhase;
			buildActionMask = 2147483647;
			files = (
				7C39AAEE7D3C141D31399942 /* Pods_photo_viewerUITests.framework in Frameworks */,
			);
			runOnlyForDeploymentPostprocessing = 0;
		};
/* End PBXFrameworksBuildPhase section */

/* Begin PBXGroup section */
		19F553C13023A8EDF3A88B11 /* Pods */ = {
			isa = PBXGroup;
			children = (
				6CC4F0496303ADEC88D2702A /* Pods-photo-viewer.debug.xcconfig */,
				7A24296C83636A14A48D8080 /* Pods-photo-viewer.release.xcconfig */,
				29DD7C28AC7D9F01DBED44A2 /* Pods-photo-viewerTests.debug.xcconfig */,
				A67D15585FEC038158F373F4 /* Pods-photo-viewerTests.release.xcconfig */,
				5B002FB669DF951D06304356 /* Pods-photo-viewerUITests.debug.xcconfig */,
				8C0627203E8D62F4E47E8D0F /* Pods-photo-viewerUITests.release.xcconfig */,
			);
			path = Pods;
			sourceTree = "<group>";
		};
		28E8B7606CE974DABC0DEBA7 /* Frameworks */ = {
			isa = PBXGroup;
			children = (
				DB4D1A1AEBE32BEB3590F370 /* Pods_photo_viewer.framework */,
				6BD127D81ED74703C8E4E30C /* Pods_photo_viewerTests.framework */,
				C966DBF88901D4913E2429B4 /* Pods_photo_viewerUITests.framework */,
			);
			name = Frameworks;
			sourceTree = "<group>";
		};
		B55627A9233367050095A5DC /* Extension */ = {
			isa = PBXGroup;
			children = (
				B55627A72332EF150095A5DC /* URL+.swift */,
				B572EF9A23361FB400811594 /* UILabel+.swift */,
			);
			path = Extension;
			sourceTree = "<group>";
		};
		B55627B023336E990095A5DC /* View */ = {
			isa = PBXGroup;
			children = (
				B55627B123336EB30095A5DC /* Cell */,
				B5715C8E23302C400075086A /* FeedViewController.swift */,
				B5715C952330C6A80075086A /* FeedAdapter.swift */,
				B5715C972330D9B50075086A /* PhotoSectionController.swift */,
				B56030BA233778C20098121D /* FeedViewController.xib */,
			);
			path = View;
			sourceTree = "<group>";
		};
		B55627B123336EB30095A5DC /* Cell */ = {
			isa = PBXGroup;
			children = (
				B5715C992330DEB20075086A /* PhotoCell.swift */,
				B5715C9B2330DEE60075086A /* PhotoCell.xib */,
				B51A37572332D44F00AC58F1 /* PhotoCellViewModel.swift */,
			);
			path = Cell;
			sourceTree = "<group>";
		};
		B55627B22333702C0095A5DC /* PhotoDetail */ = {
			isa = PBXGroup;
			children = (
				B55627B3233370420095A5DC /* PhotoDetailViewController.swift */,
				B55627B523340C550095A5DC /* PhotoDetailPresenter.swift */,
				B572EF9C23364E5C00811594 /* PhotoDetailInteractor.swift */,
				B572EF9E2336546700811594 /* PhotoDetailRepository.swift */,
				B572EF8D2334BE1A00811594 /* PhotoDetailModuleBuilder.swift */,
				B572EFA02336BC9900811594 /* PhotoDetailModule.swift */,
				B56030B623376B0A0098121D /* PhotoDetailViewController.xib */,
			);
			path = PhotoDetail;
			sourceTree = "<group>";
		};
		B5715C522330229A0075086A = {
			isa = PBXGroup;
			children = (
				B5715C5D2330229A0075086A /* photo-viewer */,
				B5715C742330229C0075086A /* photo-viewerTests */,
				B5715C7F2330229C0075086A /* photo-viewerUITests */,
				B5715C5C2330229A0075086A /* Products */,
				19F553C13023A8EDF3A88B11 /* Pods */,
				28E8B7606CE974DABC0DEBA7 /* Frameworks */,
			);
			sourceTree = "<group>";
		};
		B5715C5C2330229A0075086A /* Products */ = {
			isa = PBXGroup;
			children = (
				B5715C5B2330229A0075086A /* photo-viewer.app */,
				B5715C712330229C0075086A /* photo-viewerTests.xctest */,
				B5715C7C2330229C0075086A /* photo-viewerUITests.xctest */,
			);
			name = Products;
			sourceTree = "<group>";
		};
		B5715C5D2330229A0075086A /* photo-viewer */ = {
			isa = PBXGroup;
			children = (
				B572EF9723361B6500811594 /* Common */,
				B5715C5E2330229A0075086A /* AppDelegate.swift */,
				B5715C672330229C0075086A /* Assets.xcassets */,
				B51A37552332D23200AC58F1 /* CellViewModel.swift */,
				B55627A9233367050095A5DC /* Extension */,
				B55627B22333702C0095A5DC /* PhotoDetail */,
				B5715C9023302C4B0075086A /* Feed */,
				B5715C6C2330229C0075086A /* Info.plist */,
				B5715C692330229C0075086A /* LaunchScreen.storyboard */,
				B5715CA0233227C50075086A /* Model */,
				B5715C9D2332173A0075086A /* Network */,
				B5715C602330229A0075086A /* SceneDelegate.swift */,
				B572EF9523360AC800811594 /* BaseViewController.swift */,
			);
			path = "photo-viewer";
			sourceTree = "<group>";
		};
		B5715C742330229C0075086A /* photo-viewerTests */ = {
			isa = PBXGroup;
			children = (
				B5715C752330229C0075086A /* photo_viewerTests.swift */,
				B5715C772330229C0075086A /* Info.plist */,
			);
			path = "photo-viewerTests";
			sourceTree = "<group>";
		};
		B5715C7F2330229C0075086A /* photo-viewerUITests */ = {
			isa = PBXGroup;
			children = (
				B5715C802330229C0075086A /* photo_viewerUITests.swift */,
				B5715C822330229C0075086A /* Info.plist */,
			);
			path = "photo-viewerUITests";
			sourceTree = "<group>";
		};
		B5715C9023302C4B0075086A /* Feed */ = {
			isa = PBXGroup;
			children = (
				B55627B023336E990095A5DC /* View */,
				B5715CA7233249620075086A /* FeedPresenter.swift */,
				B5715CA92332497A0075086A /* FeedInteractor.swift */,
				B55627B72334B0320095A5DC /* FeedRouter.swift */,
				B572EFA22336BD1700811594 /* FeedModuleBuilder.swift */,
				B572EFA62336C1E500811594 /* FeedModule.swift */,
				B572EFA42336C04000811594 /* FeedRepository.swift */,
			);
			path = Feed;
			sourceTree = "<group>";
		};
		B5715C9D2332173A0075086A /* Network */ = {
			isa = PBXGroup;
			children = (
				B5715C9E233217550075086A /* WebServices.swift */,
				B5715CA323322CBF0075086A /* Response.swift */,
				B5715CA523322EA10075086A /* Endpoint.swift */,
			);
			path = Network;
			sourceTree = "<group>";
		};
		B5715CA0233227C50075086A /* Model */ = {
			isa = PBXGroup;
			children = (
				B55627AA2333675F0095A5DC /* Photo.swift */,
				B55627AC2333677A0095A5DC /* PhotoURLType.swift */,
				B55627AE23336BD40095A5DC /* User.swift */,
				B572EF8F2334C89300811594 /* ProfileImage.swift */,
			);
			path = Model;
			sourceTree = "<group>";
		};
		B572EF9723361B6500811594 /* Common */ = {
			isa = PBXGroup;
			children = (
				B572EF912334CB2400811594 /* ProfileImageView.swift */,
				B572EF9823361B7900811594 /* Font.swift */,
			);
			path = Common;
			sourceTree = "<group>";
		};
/* End PBXGroup section */

/* Begin PBXNativeTarget section */
		B5715C5A2330229A0075086A /* photo-viewer */ = {
			isa = PBXNativeTarget;
			buildConfigurationList = B5715C852330229C0075086A /* Build configuration list for PBXNativeTarget "photo-viewer" */;
			buildPhases = (
				CDB2D48128890713F3A97EAB /* [CP] Check Pods Manifest.lock */,
				B5715C572330229A0075086A /* Sources */,
				B5715C582330229A0075086A /* Frameworks */,
				B5715C592330229A0075086A /* Resources */,
				352AAA676F7191BE0838D05D /* [CP] Embed Pods Frameworks */,
			);
			buildRules = (
			);
			dependencies = (
			);
			name = "photo-viewer";
			productName = "photo-viewer";
			productReference = B5715C5B2330229A0075086A /* photo-viewer.app */;
			productType = "com.apple.product-type.application";
		};
		B5715C702330229C0075086A /* photo-viewerTests */ = {
			isa = PBXNativeTarget;
			buildConfigurationList = B5715C882330229C0075086A /* Build configuration list for PBXNativeTarget "photo-viewerTests" */;
			buildPhases = (
				FA82295EC35FF773285BC29F /* [CP] Check Pods Manifest.lock */,
				B5715C6D2330229C0075086A /* Sources */,
				B5715C6E2330229C0075086A /* Frameworks */,
				B5715C6F2330229C0075086A /* Resources */,
			);
			buildRules = (
			);
			dependencies = (
				B5715C732330229C0075086A /* PBXTargetDependency */,
			);
			name = "photo-viewerTests";
			productName = "photo-viewerTests";
			productReference = B5715C712330229C0075086A /* photo-viewerTests.xctest */;
			productType = "com.apple.product-type.bundle.unit-test";
		};
		B5715C7B2330229C0075086A /* photo-viewerUITests */ = {
			isa = PBXNativeTarget;
			buildConfigurationList = B5715C8B2330229C0075086A /* Build configuration list for PBXNativeTarget "photo-viewerUITests" */;
			buildPhases = (
				D1E58E6C378647D42EF54C65 /* [CP] Check Pods Manifest.lock */,
				B5715C782330229C0075086A /* Sources */,
				B5715C792330229C0075086A /* Frameworks */,
				B5715C7A2330229C0075086A /* Resources */,
			);
			buildRules = (
			);
			dependencies = (
				B5715C7E2330229C0075086A /* PBXTargetDependency */,
			);
			name = "photo-viewerUITests";
			productName = "photo-viewerUITests";
			productReference = B5715C7C2330229C0075086A /* photo-viewerUITests.xctest */;
			productType = "com.apple.product-type.bundle.ui-testing";
		};
/* End PBXNativeTarget section */

/* Begin PBXProject section */
		B5715C532330229A0075086A /* Project object */ = {
			isa = PBXProject;
			attributes = {
				LastSwiftUpdateCheck = 1100;
				LastUpgradeCheck = 1100;
				ORGANIZATIONNAME = pd;
				TargetAttributes = {
					B5715C5A2330229A0075086A = {
						CreatedOnToolsVersion = 11.0;
					};
					B5715C702330229C0075086A = {
						CreatedOnToolsVersion = 11.0;
						TestTargetID = B5715C5A2330229A0075086A;
					};
					B5715C7B2330229C0075086A = {
						CreatedOnToolsVersion = 11.0;
						TestTargetID = B5715C5A2330229A0075086A;
					};
				};
			};
			buildConfigurationList = B5715C562330229A0075086A /* Build configuration list for PBXProject "photo-viewer" */;
			compatibilityVersion = "Xcode 9.3";
			developmentRegion = en;
			hasScannedForEncodings = 0;
			knownRegions = (
				en,
				Base,
			);
			mainGroup = B5715C522330229A0075086A;
			productRefGroup = B5715C5C2330229A0075086A /* Products */;
			projectDirPath = "";
			projectRoot = "";
			targets = (
				B5715C5A2330229A0075086A /* photo-viewer */,
				B5715C702330229C0075086A /* photo-viewerTests */,
				B5715C7B2330229C0075086A /* photo-viewerUITests */,
			);
		};
/* End PBXProject section */

/* Begin PBXResourcesBuildPhase section */
		B5715C592330229A0075086A /* Resources */ = {
			isa = PBXResourcesBuildPhase;
			buildActionMask = 2147483647;
			files = (
				B56030B723376B0A0098121D /* PhotoDetailViewController.xib in Resources */,
				B56030BB233778C20098121D /* FeedViewController.xib in Resources */,
				B5715C9C2330DEE60075086A /* PhotoCell.xib in Resources */,
				B5715C6B2330229C0075086A /* LaunchScreen.storyboard in Resources */,
				B5715C682330229C0075086A /* Assets.xcassets in Resources */,
			);
			runOnlyForDeploymentPostprocessing = 0;
		};
		B5715C6F2330229C0075086A /* Resources */ = {
			isa = PBXResourcesBuildPhase;
			buildActionMask = 2147483647;
			files = (
			);
			runOnlyForDeploymentPostprocessing = 0;
		};
		B5715C7A2330229C0075086A /* Resources */ = {
			isa = PBXResourcesBuildPhase;
			buildActionMask = 2147483647;
			files = (
			);
			runOnlyForDeploymentPostprocessing = 0;
		};
/* End PBXResourcesBuildPhase section */

/* Begin PBXShellScriptBuildPhase section */
		352AAA676F7191BE0838D05D /* [CP] Embed Pods Frameworks */ = {
			isa = PBXShellScriptBuildPhase;
			buildActionMask = 2147483647;
			files = (
			);
			inputFileListPaths = (
				"${PODS_ROOT}/Target Support Files/Pods-photo-viewer/Pods-photo-viewer-frameworks-${CONFIGURATION}-input-files.xcfilelist",
			);
			name = "[CP] Embed Pods Frameworks";
			outputFileListPaths = (
				"${PODS_ROOT}/Target Support Files/Pods-photo-viewer/Pods-photo-viewer-frameworks-${CONFIGURATION}-output-files.xcfilelist",
			);
			runOnlyForDeploymentPostprocessing = 0;
			shellPath = /bin/sh;
			shellScript = "\"${PODS_ROOT}/Target Support Files/Pods-photo-viewer/Pods-photo-viewer-frameworks.sh\"\n";
			showEnvVarsInLog = 0;
		};
		CDB2D48128890713F3A97EAB /* [CP] Check Pods Manifest.lock */ = {
			isa = PBXShellScriptBuildPhase;
			buildActionMask = 2147483647;
			files = (
			);
			inputFileListPaths = (
			);
			inputPaths = (
				"${PODS_PODFILE_DIR_PATH}/Podfile.lock",
				"${PODS_ROOT}/Manifest.lock",
			);
			name = "[CP] Check Pods Manifest.lock";
			outputFileListPaths = (
			);
			outputPaths = (
				"$(DERIVED_FILE_DIR)/Pods-photo-viewer-checkManifestLockResult.txt",
			);
			runOnlyForDeploymentPostprocessing = 0;
			shellPath = /bin/sh;
			shellScript = "diff \"${PODS_PODFILE_DIR_PATH}/Podfile.lock\" \"${PODS_ROOT}/Manifest.lock\" > /dev/null\nif [ $? != 0 ] ; then\n    # print error to STDERR\n    echo \"error: The sandbox is not in sync with the Podfile.lock. Run 'pod install' or update your CocoaPods installation.\" >&2\n    exit 1\nfi\n# This output is used by Xcode 'outputs' to avoid re-running this script phase.\necho \"SUCCESS\" > \"${SCRIPT_OUTPUT_FILE_0}\"\n";
			showEnvVarsInLog = 0;
		};
		D1E58E6C378647D42EF54C65 /* [CP] Check Pods Manifest.lock */ = {
			isa = PBXShellScriptBuildPhase;
			buildActionMask = 2147483647;
			files = (
			);
			inputFileListPaths = (
			);
			inputPaths = (
				"${PODS_PODFILE_DIR_PATH}/Podfile.lock",
				"${PODS_ROOT}/Manifest.lock",
			);
			name = "[CP] Check Pods Manifest.lock";
			outputFileListPaths = (
			);
			outputPaths = (
				"$(DERIVED_FILE_DIR)/Pods-photo-viewerUITests-checkManifestLockResult.txt",
			);
			runOnlyForDeploymentPostprocessing = 0;
			shellPath = /bin/sh;
			shellScript = "diff \"${PODS_PODFILE_DIR_PATH}/Podfile.lock\" \"${PODS_ROOT}/Manifest.lock\" > /dev/null\nif [ $? != 0 ] ; then\n    # print error to STDERR\n    echo \"error: The sandbox is not in sync with the Podfile.lock. Run 'pod install' or update your CocoaPods installation.\" >&2\n    exit 1\nfi\n# This output is used by Xcode 'outputs' to avoid re-running this script phase.\necho \"SUCCESS\" > \"${SCRIPT_OUTPUT_FILE_0}\"\n";
			showEnvVarsInLog = 0;
		};
		FA82295EC35FF773285BC29F /* [CP] Check Pods Manifest.lock */ = {
			isa = PBXShellScriptBuildPhase;
			buildActionMask = 2147483647;
			files = (
			);
			inputFileListPaths = (
			);
			inputPaths = (
				"${PODS_PODFILE_DIR_PATH}/Podfile.lock",
				"${PODS_ROOT}/Manifest.lock",
			);
			name = "[CP] Check Pods Manifest.lock";
			outputFileListPaths = (
			);
			outputPaths = (
				"$(DERIVED_FILE_DIR)/Pods-photo-viewerTests-checkManifestLockResult.txt",
			);
			runOnlyForDeploymentPostprocessing = 0;
			shellPath = /bin/sh;
			shellScript = "diff \"${PODS_PODFILE_DIR_PATH}/Podfile.lock\" \"${PODS_ROOT}/Manifest.lock\" > /dev/null\nif [ $? != 0 ] ; then\n    # print error to STDERR\n    echo \"error: The sandbox is not in sync with the Podfile.lock. Run 'pod install' or update your CocoaPods installation.\" >&2\n    exit 1\nfi\n# This output is used by Xcode 'outputs' to avoid re-running this script phase.\necho \"SUCCESS\" > \"${SCRIPT_OUTPUT_FILE_0}\"\n";
			showEnvVarsInLog = 0;
		};
/* End PBXShellScriptBuildPhase section */

/* Begin PBXSourcesBuildPhase section */
		B5715C572330229A0075086A /* Sources */ = {
			isa = PBXSourcesBuildPhase;
			buildActionMask = 2147483647;
			files = (
				B55627AB2333675F0095A5DC /* Photo.swift in Sources */,
				B5715CA623322EA10075086A /* Endpoint.swift in Sources */,
				B5715C5F2330229A0075086A /* AppDelegate.swift in Sources */,
				B572EF9F2336546700811594 /* PhotoDetailRepository.swift in Sources */,
				B572EF9D23364E5C00811594 /* PhotoDetailInteractor.swift in Sources */,
				B572EFA72336C1E500811594 /* FeedModule.swift in Sources */,
				B5715CAA2332497A0075086A /* FeedInteractor.swift in Sources */,
				B5715C962330C6A80075086A /* FeedAdapter.swift in Sources */,
				B572EF9623360AC800811594 /* BaseViewController.swift in Sources */,
				B5715C8F23302C400075086A /* FeedViewController.swift in Sources */,
				B572EFA12336BC9900811594 /* PhotoDetailModule.swift in Sources */,
				B572EF9923361B7900811594 /* Font.swift in Sources */,
				B55627B4233370420095A5DC /* PhotoDetailViewController.swift in Sources */,
				B51A37562332D23200AC58F1 /* CellViewModel.swift in Sources */,
				B572EFA32336BD1700811594 /* FeedModuleBuilder.swift in Sources */,
				B55627AF23336BD40095A5DC /* User.swift in Sources */,
				B5715CA8233249620075086A /* FeedPresenter.swift in Sources */,
				B55627AD2333677A0095A5DC /* PhotoURLType.swift in Sources */,
				B55627B623340C550095A5DC /* PhotoDetailPresenter.swift in Sources */,
				B55627B82334B0320095A5DC /* FeedRouter.swift in Sources */,
				B5715C612330229A0075086A /* SceneDelegate.swift in Sources */,
				B572EF9B23361FB400811594 /* UILabel+.swift in Sources */,
				B51A37582332D44F00AC58F1 /* PhotoCellViewModel.swift in Sources */,
				B55627A82332EF150095A5DC /* URL+.swift in Sources */,
				B572EF922334CB2400811594 /* ProfileImageView.swift in Sources */,
				B572EF8E2334BE1A00811594 /* PhotoDetailModuleBuilder.swift in Sources */,
				B572EFA52336C04000811594 /* FeedRepository.swift in Sources */,
				B5715C9A2330DEB20075086A /* PhotoCell.swift in Sources */,
				B5715C982330D9B50075086A /* PhotoSectionController.swift in Sources */,
				B572EF902334C89300811594 /* ProfileImage.swift in Sources */,
				B5715CA423322CBF0075086A /* Response.swift in Sources */,
				B5715C9F233217550075086A /* WebServices.swift in Sources */,
			);
			runOnlyForDeploymentPostprocessing = 0;
		};
		B5715C6D2330229C0075086A /* Sources */ = {
			isa = PBXSourcesBuildPhase;
			buildActionMask = 2147483647;
			files = (
				B5715C762330229C0075086A /* photo_viewerTests.swift in Sources */,
			);
			runOnlyForDeploymentPostprocessing = 0;
		};
		B5715C782330229C0075086A /* Sources */ = {
			isa = PBXSourcesBuildPhase;
			buildActionMask = 2147483647;
			files = (
				B5715C812330229C0075086A /* photo_viewerUITests.swift in Sources */,
			);
			runOnlyForDeploymentPostprocessing = 0;
		};
/* End PBXSourcesBuildPhase section */

/* Begin PBXTargetDependency section */
		B5715C732330229C0075086A /* PBXTargetDependency */ = {
			isa = PBXTargetDependency;
			target = B5715C5A2330229A0075086A /* photo-viewer */;
			targetProxy = B5715C722330229C0075086A /* PBXContainerItemProxy */;
		};
		B5715C7E2330229C0075086A /* PBXTargetDependency */ = {
			isa = PBXTargetDependency;
			target = B5715C5A2330229A0075086A /* photo-viewer */;
			targetProxy = B5715C7D2330229C0075086A /* PBXContainerItemProxy */;
		};
/* End PBXTargetDependency section */

/* Begin PBXVariantGroup section */
		B5715C692330229C0075086A /* LaunchScreen.storyboard */ = {
			isa = PBXVariantGroup;
			children = (
				B5715C6A2330229C0075086A /* Base */,
			);
			name = LaunchScreen.storyboard;
			sourceTree = "<group>";
		};
/* End PBXVariantGroup section */

/* Begin XCBuildConfiguration section */
		B5715C832330229C0075086A /* Debug */ = {
			isa = XCBuildConfiguration;
			buildSettings = {
				ALWAYS_SEARCH_USER_PATHS = NO;
				CLANG_ANALYZER_NONNULL = YES;
				CLANG_ANALYZER_NUMBER_OBJECT_CONVERSION = YES_AGGRESSIVE;
				CLANG_CXX_LANGUAGE_STANDARD = "gnu++14";
				CLANG_CXX_LIBRARY = "libc++";
				CLANG_ENABLE_MODULES = YES;
				CLANG_ENABLE_OBJC_ARC = YES;
				CLANG_ENABLE_OBJC_WEAK = YES;
				CLANG_WARN_BLOCK_CAPTURE_AUTORELEASING = YES;
				CLANG_WARN_BOOL_CONVERSION = YES;
				CLANG_WARN_COMMA = YES;
				CLANG_WARN_CONSTANT_CONVERSION = YES;
				CLANG_WARN_DEPRECATED_OBJC_IMPLEMENTATIONS = YES;
				CLANG_WARN_DIRECT_OBJC_ISA_USAGE = YES_ERROR;
				CLANG_WARN_DOCUMENTATION_COMMENTS = YES;
				CLANG_WARN_EMPTY_BODY = YES;
				CLANG_WARN_ENUM_CONVERSION = YES;
				CLANG_WARN_INFINITE_RECURSION = YES;
				CLANG_WARN_INT_CONVERSION = YES;
				CLANG_WARN_NON_LITERAL_NULL_CONVERSION = YES;
				CLANG_WARN_OBJC_IMPLICIT_RETAIN_SELF = YES;
				CLANG_WARN_OBJC_LITERAL_CONVERSION = YES;
				CLANG_WARN_OBJC_ROOT_CLASS = YES_ERROR;
				CLANG_WARN_RANGE_LOOP_ANALYSIS = YES;
				CLANG_WARN_STRICT_PROTOTYPES = YES;
				CLANG_WARN_SUSPICIOUS_MOVE = YES;
				CLANG_WARN_UNGUARDED_AVAILABILITY = YES_AGGRESSIVE;
				CLANG_WARN_UNREACHABLE_CODE = YES;
				CLANG_WARN__DUPLICATE_METHOD_MATCH = YES;
				COPY_PHASE_STRIP = NO;
				DEBUG_INFORMATION_FORMAT = dwarf;
				ENABLE_STRICT_OBJC_MSGSEND = YES;
				ENABLE_TESTABILITY = YES;
				GCC_C_LANGUAGE_STANDARD = gnu11;
				GCC_DYNAMIC_NO_PIC = NO;
				GCC_NO_COMMON_BLOCKS = YES;
				GCC_OPTIMIZATION_LEVEL = 0;
				GCC_PREPROCESSOR_DEFINITIONS = (
					"DEBUG=1",
					"$(inherited)",
				);
				GCC_WARN_64_TO_32_BIT_CONVERSION = YES;
				GCC_WARN_ABOUT_RETURN_TYPE = YES_ERROR;
				GCC_WARN_UNDECLARED_SELECTOR = YES;
				GCC_WARN_UNINITIALIZED_AUTOS = YES_AGGRESSIVE;
				GCC_WARN_UNUSED_FUNCTION = YES;
				GCC_WARN_UNUSED_VARIABLE = YES;
				IPHONEOS_DEPLOYMENT_TARGET = 13.0;
				MTL_ENABLE_DEBUG_INFO = INCLUDE_SOURCE;
				MTL_FAST_MATH = YES;
				ONLY_ACTIVE_ARCH = YES;
				SDKROOT = iphoneos;
				SWIFT_ACTIVE_COMPILATION_CONDITIONS = DEBUG;
				SWIFT_OPTIMIZATION_LEVEL = "-Onone";
			};
			name = Debug;
		};
		B5715C842330229C0075086A /* Release */ = {
			isa = XCBuildConfiguration;
			buildSettings = {
				ALWAYS_SEARCH_USER_PATHS = NO;
				CLANG_ANALYZER_NONNULL = YES;
				CLANG_ANALYZER_NUMBER_OBJECT_CONVERSION = YES_AGGRESSIVE;
				CLANG_CXX_LANGUAGE_STANDARD = "gnu++14";
				CLANG_CXX_LIBRARY = "libc++";
				CLANG_ENABLE_MODULES = YES;
				CLANG_ENABLE_OBJC_ARC = YES;
				CLANG_ENABLE_OBJC_WEAK = YES;
				CLANG_WARN_BLOCK_CAPTURE_AUTORELEASING = YES;
				CLANG_WARN_BOOL_CONVERSION = YES;
				CLANG_WARN_COMMA = YES;
				CLANG_WARN_CONSTANT_CONVERSION = YES;
				CLANG_WARN_DEPRECATED_OBJC_IMPLEMENTATIONS = YES;
				CLANG_WARN_DIRECT_OBJC_ISA_USAGE = YES_ERROR;
				CLANG_WARN_DOCUMENTATION_COMMENTS = YES;
				CLANG_WARN_EMPTY_BODY = YES;
				CLANG_WARN_ENUM_CONVERSION = YES;
				CLANG_WARN_INFINITE_RECURSION = YES;
				CLANG_WARN_INT_CONVERSION = YES;
				CLANG_WARN_NON_LITERAL_NULL_CONVERSION = YES;
				CLANG_WARN_OBJC_IMPLICIT_RETAIN_SELF = YES;
				CLANG_WARN_OBJC_LITERAL_CONVERSION = YES;
				CLANG_WARN_OBJC_ROOT_CLASS = YES_ERROR;
				CLANG_WARN_RANGE_LOOP_ANALYSIS = YES;
				CLANG_WARN_STRICT_PROTOTYPES = YES;
				CLANG_WARN_SUSPICIOUS_MOVE = YES;
				CLANG_WARN_UNGUARDED_AVAILABILITY = YES_AGGRESSIVE;
				CLANG_WARN_UNREACHABLE_CODE = YES;
				CLANG_WARN__DUPLICATE_METHOD_MATCH = YES;
				COPY_PHASE_STRIP = NO;
				DEBUG_INFORMATION_FORMAT = "dwarf-with-dsym";
				ENABLE_NS_ASSERTIONS = NO;
				ENABLE_STRICT_OBJC_MSGSEND = YES;
				GCC_C_LANGUAGE_STANDARD = gnu11;
				GCC_NO_COMMON_BLOCKS = YES;
				GCC_WARN_64_TO_32_BIT_CONVERSION = YES;
				GCC_WARN_ABOUT_RETURN_TYPE = YES_ERROR;
				GCC_WARN_UNDECLARED_SELECTOR = YES;
				GCC_WARN_UNINITIALIZED_AUTOS = YES_AGGRESSIVE;
				GCC_WARN_UNUSED_FUNCTION = YES;
				GCC_WARN_UNUSED_VARIABLE = YES;
				IPHONEOS_DEPLOYMENT_TARGET = 13.0;
				MTL_ENABLE_DEBUG_INFO = NO;
				MTL_FAST_MATH = YES;
				SDKROOT = iphoneos;
				SWIFT_COMPILATION_MODE = wholemodule;
				SWIFT_OPTIMIZATION_LEVEL = "-O";
				VALIDATE_PRODUCT = YES;
			};
			name = Release;
		};
		B5715C862330229C0075086A /* Debug */ = {
			isa = XCBuildConfiguration;
			baseConfigurationReference = 6CC4F0496303ADEC88D2702A /* Pods-photo-viewer.debug.xcconfig */;
			buildSettings = {
				ASSETCATALOG_COMPILER_APPICON_NAME = AppIcon;
				CODE_SIGN_STYLE = Automatic;
				INFOPLIST_FILE = "photo-viewer/Info.plist";
				IPHONEOS_DEPLOYMENT_TARGET = 13.0;
				LD_RUNPATH_SEARCH_PATHS = (
					"$(inherited)",
					"@executable_path/Frameworks",
				);
				PRODUCT_BUNDLE_IDENTIFIER = "pd.photo-viewer";
				PRODUCT_NAME = "photo-viewer";
				SWIFT_VERSION = 5.0;
				TARGETED_DEVICE_FAMILY = "1,2";
			};
			name = Debug;
		};
		B5715C872330229C0075086A /* Release */ = {
			isa = XCBuildConfiguration;
			baseConfigurationReference = 7A24296C83636A14A48D8080 /* Pods-photo-viewer.release.xcconfig */;
			buildSettings = {
				ASSETCATALOG_COMPILER_APPICON_NAME = AppIcon;
				CODE_SIGN_STYLE = Automatic;
				INFOPLIST_FILE = "photo-viewer/Info.plist";
				IPHONEOS_DEPLOYMENT_TARGET = 13.0;
				LD_RUNPATH_SEARCH_PATHS = (
					"$(inherited)",
					"@executable_path/Frameworks",
				);
				PRODUCT_BUNDLE_IDENTIFIER = "pd.photo-viewer";
				PRODUCT_NAME = "photo-viewer";
				SWIFT_VERSION = 5.0;
				TARGETED_DEVICE_FAMILY = "1,2";
			};
			name = Release;
		};
		B5715C892330229C0075086A /* Debug */ = {
			isa = XCBuildConfiguration;
			baseConfigurationReference = 29DD7C28AC7D9F01DBED44A2 /* Pods-photo-viewerTests.debug.xcconfig */;
			buildSettings = {
				ALWAYS_EMBED_SWIFT_STANDARD_LIBRARIES = YES;
				BUNDLE_LOADER = "$(TEST_HOST)";
				CODE_SIGN_STYLE = Automatic;
				INFOPLIST_FILE = "photo-viewerTests/Info.plist";
				IPHONEOS_DEPLOYMENT_TARGET = 13.0;
				LD_RUNPATH_SEARCH_PATHS = (
					"$(inherited)",
					"@executable_path/Frameworks",
					"@loader_path/Frameworks",
				);
				PRODUCT_BUNDLE_IDENTIFIER = "pd.photo-viewerTests";
				PRODUCT_NAME = "$(TARGET_NAME)";
				SWIFT_VERSION = 5.0;
				TARGETED_DEVICE_FAMILY = "1,2";
				TEST_HOST = "$(BUILT_PRODUCTS_DIR)/photo-viewer.app/photo-viewer";
			};
			name = Debug;
		};
		B5715C8A2330229C0075086A /* Release */ = {
			isa = XCBuildConfiguration;
			baseConfigurationReference = A67D15585FEC038158F373F4 /* Pods-photo-viewerTests.release.xcconfig */;
			buildSettings = {
				ALWAYS_EMBED_SWIFT_STANDARD_LIBRARIES = YES;
				BUNDLE_LOADER = "$(TEST_HOST)";
				CODE_SIGN_STYLE = Automatic;
				INFOPLIST_FILE = "photo-viewerTests/Info.plist";
				IPHONEOS_DEPLOYMENT_TARGET = 13.0;
				LD_RUNPATH_SEARCH_PATHS = (
					"$(inherited)",
					"@executable_path/Frameworks",
					"@loader_path/Frameworks",
				);
				PRODUCT_BUNDLE_IDENTIFIER = "pd.photo-viewerTests";
				PRODUCT_NAME = "$(TARGET_NAME)";
				SWIFT_VERSION = 5.0;
				TARGETED_DEVICE_FAMILY = "1,2";
				TEST_HOST = "$(BUILT_PRODUCTS_DIR)/photo-viewer.app/photo-viewer";
			};
			name = Release;
		};
		B5715C8C2330229C0075086A /* Debug */ = {
			isa = XCBuildConfiguration;
			baseConfigurationReference = 5B002FB669DF951D06304356 /* Pods-photo-viewerUITests.debug.xcconfig */;
			buildSettings = {
				ALWAYS_EMBED_SWIFT_STANDARD_LIBRARIES = YES;
				CODE_SIGN_STYLE = Automatic;
				INFOPLIST_FILE = "photo-viewerUITests/Info.plist";
				LD_RUNPATH_SEARCH_PATHS = (
					"$(inherited)",
					"@executable_path/Frameworks",
					"@loader_path/Frameworks",
				);
				PRODUCT_BUNDLE_IDENTIFIER = "pd.photo-viewerUITests";
				PRODUCT_NAME = "$(TARGET_NAME)";
				SWIFT_VERSION = 5.0;
				TARGETED_DEVICE_FAMILY = "1,2";
				TEST_TARGET_NAME = "photo-viewer";
			};
			name = Debug;
		};
		B5715C8D2330229C0075086A /* Release */ = {
			isa = XCBuildConfiguration;
			baseConfigurationReference = 8C0627203E8D62F4E47E8D0F /* Pods-photo-viewerUITests.release.xcconfig */;
			buildSettings = {
				ALWAYS_EMBED_SWIFT_STANDARD_LIBRARIES = YES;
				CODE_SIGN_STYLE = Automatic;
				INFOPLIST_FILE = "photo-viewerUITests/Info.plist";
				LD_RUNPATH_SEARCH_PATHS = (
					"$(inherited)",
					"@executable_path/Frameworks",
					"@loader_path/Frameworks",
				);
				PRODUCT_BUNDLE_IDENTIFIER = "pd.photo-viewerUITests";
				PRODUCT_NAME = "$(TARGET_NAME)";
				SWIFT_VERSION = 5.0;
				TARGETED_DEVICE_FAMILY = "1,2";
				TEST_TARGET_NAME = "photo-viewer";
			};
			name = Release;
		};
/* End XCBuildConfiguration section */

/* Begin XCConfigurationList section */
		B5715C562330229A0075086A /* Build configuration list for PBXProject "photo-viewer" */ = {
			isa = XCConfigurationList;
			buildConfigurations = (
				B5715C832330229C0075086A /* Debug */,
				B5715C842330229C0075086A /* Release */,
			);
			defaultConfigurationIsVisible = 0;
			defaultConfigurationName = Release;
		};
		B5715C852330229C0075086A /* Build configuration list for PBXNativeTarget "photo-viewer" */ = {
			isa = XCConfigurationList;
			buildConfigurations = (
				B5715C862330229C0075086A /* Debug */,
				B5715C872330229C0075086A /* Release */,
			);
			defaultConfigurationIsVisible = 0;
			defaultConfigurationName = Release;
		};
		B5715C882330229C0075086A /* Build configuration list for PBXNativeTarget "photo-viewerTests" */ = {
			isa = XCConfigurationList;
			buildConfigurations = (
				B5715C892330229C0075086A /* Debug */,
				B5715C8A2330229C0075086A /* Release */,
			);
			defaultConfigurationIsVisible = 0;
			defaultConfigurationName = Release;
		};
		B5715C8B2330229C0075086A /* Build configuration list for PBXNativeTarget "photo-viewerUITests" */ = {
			isa = XCConfigurationList;
			buildConfigurations = (
				B5715C8C2330229C0075086A /* Debug */,
				B5715C8D2330229C0075086A /* Release */,
			);
			defaultConfigurationIsVisible = 0;
			defaultConfigurationName = Release;
		};
/* End XCConfigurationList section */
	};
	rootObject = B5715C532330229A0075086A /* Project object */;
}
